// !$*UTF8*$!
{
	archiveVersion = 1;
	classes = {
	};
	objectVersion = 55;
	objects = {

/* Begin PBXBuildFile section */
		D34D270F2875F4E200694E71 /* EntryListView.swift in Sources */ = {isa = PBXBuildFile; fileRef = D34D270E2875F4E200694E71 /* EntryListView.swift */; };
		D34D27112875FCF400694E71 /* DetailView.swift in Sources */ = {isa = PBXBuildFile; fileRef = D34D27102875FCF400694E71 /* DetailView.swift */; };
		D34D2713287601F300694E71 /* Entry.swift in Sources */ = {isa = PBXBuildFile; fileRef = D34D2712287601F300694E71 /* Entry.swift */; };
		D34D271528760D0900694E71 /* EntryListViewModel.swift in Sources */ = {isa = PBXBuildFile; fileRef = D34D271428760D0900694E71 /* EntryListViewModel.swift */; };
		D351129D2875F2BF0009C0C6 /* DreamJournalApp.swift in Sources */ = {isa = PBXBuildFile; fileRef = D351129C2875F2BF0009C0C6 /* DreamJournalApp.swift */; };
		D35112A12875F2C00009C0C6 /* Assets.xcassets in Resources */ = {isa = PBXBuildFile; fileRef = D35112A02875F2C00009C0C6 /* Assets.xcassets */; };
		D35112A42875F2C00009C0C6 /* Preview Assets.xcassets in Resources */ = {isa = PBXBuildFile; fileRef = D35112A32875F2C00009C0C6 /* Preview Assets.xcassets */; };
		D3B6AEAC28775B610003AE00 /* Date+Ext.swift in Sources */ = {isa = PBXBuildFile; fileRef = D3B6AEAB28775B610003AE00 /* Date+Ext.swift */; };
/* End PBXBuildFile section */

/* Begin PBXFileReference section */
		D34D270E2875F4E200694E71 /* EntryListView.swift */ = {isa = PBXFileReference; lastKnownFileType = sourcecode.swift; path = EntryListView.swift; sourceTree = "<group>"; };
		D34D27102875FCF400694E71 /* DetailView.swift */ = {isa = PBXFileReference; lastKnownFileType = sourcecode.swift; path = DetailView.swift; sourceTree = "<group>"; };
		D34D2712287601F300694E71 /* Entry.swift */ = {isa = PBXFileReference; lastKnownFileType = sourcecode.swift; path = Entry.swift; sourceTree = "<group>"; };
		D34D271428760D0900694E71 /* EntryListViewModel.swift */ = {isa = PBXFileReference; lastKnownFileType = sourcecode.swift; path = EntryListViewModel.swift; sourceTree = "<group>"; };
		D35112992875F2BF0009C0C6 /* DreamJournal.app */ = {isa = PBXFileReference; explicitFileType = wrapper.application; includeInIndex = 0; path = DreamJournal.app; sourceTree = BUILT_PRODUCTS_DIR; };
		D351129C2875F2BF0009C0C6 /* DreamJournalApp.swift */ = {isa = PBXFileReference; lastKnownFileType = sourcecode.swift; path = DreamJournalApp.swift; sourceTree = "<group>"; };
		D35112A02875F2C00009C0C6 /* Assets.xcassets */ = {isa = PBXFileReference; lastKnownFileType = folder.assetcatalog; path = Assets.xcassets; sourceTree = "<group>"; };
		D35112A32875F2C00009C0C6 /* Preview Assets.xcassets */ = {isa = PBXFileReference; lastKnownFileType = folder.assetcatalog; path = "Preview Assets.xcassets"; sourceTree = "<group>"; };
		D3B6AEAB28775B610003AE00 /* Date+Ext.swift */ = {isa = PBXFileReference; lastKnownFileType = sourcecode.swift; path = "Date+Ext.swift"; sourceTree = "<group>"; };
/* End PBXFileReference section */

/* Begin PBXFrameworksBuildPhase section */
		D35112962875F2BF0009C0C6 /* Frameworks */ = {
			isa = PBXFrameworksBuildPhase;
			buildActionMask = 2147483647;
			files = (
			);
			runOnlyForDeploymentPostprocessing = 0;
		};
/* End PBXFrameworksBuildPhase section */

/* Begin PBXGroup section */
		D35112902875F2BF0009C0C6 = {
			isa = PBXGroup;
			children = (
				D351129B2875F2BF0009C0C6 /* DreamJournal */,
				D351129A2875F2BF0009C0C6 /* Products */,
			);
			sourceTree = "<group>";
		};
		D351129A2875F2BF0009C0C6 /* Products */ = {
			isa = PBXGroup;
			children = (
				D35112992875F2BF0009C0C6 /* DreamJournal.app */,
			);
			name = Products;
			sourceTree = "<group>";
		};
		D351129B2875F2BF0009C0C6 /* DreamJournal */ = {
			isa = PBXGroup;
			children = (
				D3B6AEAA28775B490003AE00 /* Extensions */,
				D351129C2875F2BF0009C0C6 /* DreamJournalApp.swift */,
				D3FE9487287743580056AE84 /* ViewModels */,
				D3FE94862877434A0056AE84 /* Model */,
				D3FE9485287743440056AE84 /* Views */,
				D3FE9488287743740056AE84 /* Misc */,
			);
			path = DreamJournal;
			sourceTree = "<group>";
		};
		D35112A22875F2C00009C0C6 /* Preview Content */ = {
			isa = PBXGroup;
			children = (
				D35112A32875F2C00009C0C6 /* Preview Assets.xcassets */,
			);
			path = "Preview Content";
			sourceTree = "<group>";
		};
		D3B6AEAA28775B490003AE00 /* Extensions */ = {
			isa = PBXGroup;
			children = (
				D3B6AEAB28775B610003AE00 /* Date+Ext.swift */,
			);
			path = Extensions;
			sourceTree = "<group>";
		};
		D3FE9485287743440056AE84 /* Views */ = {
			isa = PBXGroup;
			children = (
				D34D27102875FCF400694E71 /* DetailView.swift */,
				D34D270E2875F4E200694E71 /* EntryListView.swift */,
			);
			path = Views;
			sourceTree = "<group>";
		};
		D3FE94862877434A0056AE84 /* Model */ = {
			isa = PBXGroup;
			children = (
				D34D2712287601F300694E71 /* Entry.swift */,
			);
			path = Model;
			sourceTree = "<group>";
		};
		D3FE9487287743580056AE84 /* ViewModels */ = {
			isa = PBXGroup;
			children = (
				D34D271428760D0900694E71 /* EntryListViewModel.swift */,
			);
			path = ViewModels;
			sourceTree = "<group>";
		};
		D3FE9488287743740056AE84 /* Misc */ = {
			isa = PBXGroup;
			children = (
				D35112A02875F2C00009C0C6 /* Assets.xcassets */,
				D35112A22875F2C00009C0C6 /* Preview Content */,
			);
			path = Misc;
			sourceTree = "<group>";
		};
/* End PBXGroup section */

/* Begin PBXNativeTarget section */
		D35112982875F2BF0009C0C6 /* DreamJournal */ = {
			isa = PBXNativeTarget;
			buildConfigurationList = D35112A72875F2C00009C0C6 /* Build configuration list for PBXNativeTarget "DreamJournal" */;
			buildPhases = (
				D35112952875F2BF0009C0C6 /* Sources */,
				D35112962875F2BF0009C0C6 /* Frameworks */,
				D35112972875F2BF0009C0C6 /* Resources */,
			);
			buildRules = (
			);
			dependencies = (
			);
			name = DreamJournal;
			productName = DreamJournal;
			productReference = D35112992875F2BF0009C0C6 /* DreamJournal.app */;
			productType = "com.apple.product-type.application";
		};
/* End PBXNativeTarget section */

/* Begin PBXProject section */
		D35112912875F2BF0009C0C6 /* Project object */ = {
			isa = PBXProject;
			attributes = {
				BuildIndependentTargetsInParallel = 1;
				LastSwiftUpdateCheck = 1340;
				LastUpgradeCheck = 1340;
				TargetAttributes = {
					D35112982875F2BF0009C0C6 = {
						CreatedOnToolsVersion = 13.4.1;
					};
				};
			};
			buildConfigurationList = D35112942875F2BF0009C0C6 /* Build configuration list for PBXProject "DreamJournal" */;
			compatibilityVersion = "Xcode 13.0";
			developmentRegion = en;
			hasScannedForEncodings = 0;
			knownRegions = (
				en,
				Base,
			);
			mainGroup = D35112902875F2BF0009C0C6;
			productRefGroup = D351129A2875F2BF0009C0C6 /* Products */;
			projectDirPath = "";
			projectRoot = "";
			targets = (
				D35112982875F2BF0009C0C6 /* DreamJournal */,
			);
		};
/* End PBXProject section */

/* Begin PBXResourcesBuildPhase section */
		D35112972875F2BF0009C0C6 /* Resources */ = {
			isa = PBXResourcesBuildPhase;
			buildActionMask = 2147483647;
			files = (
				D35112A42875F2C00009C0C6 /* Preview Assets.xcassets in Resources */,
				D35112A12875F2C00009C0C6 /* Assets.xcassets in Resources */,
			);
			runOnlyForDeploymentPostprocessing = 0;
		};
/* End PBXResourcesBuildPhase section */

/* Begin PBXSourcesBuildPhase section */
		D35112952875F2BF0009C0C6 /* Sources */ = {
			isa = PBXSourcesBuildPhase;
			buildActionMask = 2147483647;
			files = (
				D34D2713287601F300694E71 /* Entry.swift in Sources */,
				D351129D2875F2BF0009C0C6 /* DreamJournalApp.swift in Sources */,
				D34D27112875FCF400694E71 /* DetailView.swift in Sources */,
				D3B6AEAC28775B610003AE00 /* Date+Ext.swift in Sources */,
				D34D270F2875F4E200694E71 /* EntryListView.swift in Sources */,
				D34D271528760D0900694E71 /* EntryListViewModel.swift in Sources */,
			);
			runOnlyForDeploymentPostprocessing = 0;
		};
/* End PBXSourcesBuildPhase section */

/* Begin XCBuildConfiguration section */
		D35112A52875F2C00009C0C6 /* Debug */ = {
			isa = XCBuildConfiguration;
			buildSettings = {
				ALWAYS_SEARCH_USER_PATHS = NO;
				CLANG_ANALYZER_NONNULL = YES;
				CLANG_ANALYZER_NUMBER_OBJECT_CONVERSION = YES_AGGRESSIVE;
				CLANG_CXX_LANGUAGE_STANDARD = "gnu++17";
				CLANG_ENABLE_MODULES = YES;
				CLANG_ENABLE_OBJC_ARC = YES;
				CLANG_ENABLE_OBJC_WEAK = YES;
				CLANG_WARN_BLOCK_CAPTURE_AUTORELEASING = YES;
				CLANG_WARN_BOOL_CONVERSION = YES;
				CLANG_WARN_COMMA = YES;
				CLANG_WARN_CONSTANT_CONVERSION = YES;
				CLANG_WARN_DEPRECATED_OBJC_IMPLEMENTATIONS = YES;
				CLANG_WARN_DIRECT_OBJC_ISA_USAGE = YES_ERROR;
				CLANG_WARN_DOCUMENTATION_COMMENTS = YES;
				CLANG_WARN_EMPTY_BODY = YES;
				CLANG_WARN_ENUM_CONVERSION = YES;
				CLANG_WARN_INFINITE_RECURSION = YES;
				CLANG_WARN_INT_CONVERSION = YES;
				CLANG_WARN_NON_LITERAL_NULL_CONVERSION = YES;
				CLANG_WARN_OBJC_IMPLICIT_RETAIN_SELF = YES;
				CLANG_WARN_OBJC_LITERAL_CONVERSION = YES;
				CLANG_WARN_OBJC_ROOT_CLASS = YES_ERROR;
				CLANG_WARN_QUOTED_INCLUDE_IN_FRAMEWORK_HEADER = YES;
				CLANG_WARN_RANGE_LOOP_ANALYSIS = YES;
				CLANG_WARN_STRICT_PROTOTYPES = YES;
				CLANG_WARN_SUSPICIOUS_MOVE = YES;
				CLANG_WARN_UNGUARDED_AVAILABILITY = YES_AGGRESSIVE;
				CLANG_WARN_UNREACHABLE_CODE = YES;
				CLANG_WARN__DUPLICATE_METHOD_MATCH = YES;
				COPY_PHASE_STRIP = NO;
				DEBUG_INFORMATION_FORMAT = dwarf;
				ENABLE_STRICT_OBJC_MSGSEND = YES;
				ENABLE_TESTABILITY = YES;
				GCC_C_LANGUAGE_STANDARD = gnu11;
				GCC_DYNAMIC_NO_PIC = NO;
				GCC_NO_COMMON_BLOCKS = YES;
				GCC_OPTIMIZATION_LEVEL = 0;
				GCC_PREPROCESSOR_DEFINITIONS = (
					"DEBUG=1",
					"$(inherited)",
				);
				GCC_WARN_64_TO_32_BIT_CONVERSION = YES;
				GCC_WARN_ABOUT_RETURN_TYPE = YES_ERROR;
				GCC_WARN_UNDECLARED_SELECTOR = YES;
				GCC_WARN_UNINITIALIZED_AUTOS = YES_AGGRESSIVE;
				GCC_WARN_UNUSED_FUNCTION = YES;
				GCC_WARN_UNUSED_VARIABLE = YES;
				IPHONEOS_DEPLOYMENT_TARGET = 15.5;
				MTL_ENABLE_DEBUG_INFO = INCLUDE_SOURCE;
				MTL_FAST_MATH = YES;
				ONLY_ACTIVE_ARCH = YES;
				SDKROOT = iphoneos;
				SWIFT_ACTIVE_COMPILATION_CONDITIONS = DEBUG;
				SWIFT_OPTIMIZATION_LEVEL = "-Onone";
			};
			name = Debug;
		};
		D35112A62875F2C00009C0C6 /* Release */ = {
			isa = XCBuildConfiguration;
			buildSettings = {
				ALWAYS_SEARCH_USER_PATHS = NO;
				CLANG_ANALYZER_NONNULL = YES;
				CLANG_ANALYZER_NUMBER_OBJECT_CONVERSION = YES_AGGRESSIVE;
				CLANG_CXX_LANGUAGE_STANDARD = "gnu++17";
				CLANG_ENABLE_MODULES = YES;
				CLANG_ENABLE_OBJC_ARC = YES;
				CLANG_ENABLE_OBJC_WEAK = YES;
				CLANG_WARN_BLOCK_CAPTURE_AUTORELEASING = YES;
				CLANG_WARN_BOOL_CONVERSION = YES;
				CLANG_WARN_COMMA = YES;
				CLANG_WARN_CONSTANT_CONVERSION = YES;
				CLANG_WARN_DEPRECATED_OBJC_IMPLEMENTATIONS = YES;
				CLANG_WARN_DIRECT_OBJC_ISA_USAGE = YES_ERROR;
				CLANG_WARN_DOCUMENTATION_COMMENTS = YES;
				CLANG_WARN_EMPTY_BODY = YES;
				CLANG_WARN_ENUM_CONVERSION = YES;
				CLANG_WARN_INFINITE_RECURSION = YES;
				CLANG_WARN_INT_CONVERSION = YES;
				CLANG_WARN_NON_LITERAL_NULL_CONVERSION = YES;
				CLANG_WARN_OBJC_IMPLICIT_RETAIN_SELF = YES;
				CLANG_WARN_OBJC_LITERAL_CONVERSION = YES;
				CLANG_WARN_OBJC_ROOT_CLASS = YES_ERROR;
				CLANG_WARN_QUOTED_INCLUDE_IN_FRAMEWORK_HEADER = YES;
				CLANG_WARN_RANGE_LOOP_ANALYSIS = YES;
				CLANG_WARN_STRICT_PROTOTYPES = YES;
				CLANG_WARN_SUSPICIOUS_MOVE = YES;
				CLANG_WARN_UNGUARDED_AVAILABILITY = YES_AGGRESSIVE;
				CLANG_WARN_UNREACHABLE_CODE = YES;
				CLANG_WARN__DUPLICATE_METHOD_MATCH = YES;
				COPY_PHASE_STRIP = NO;
				DEBUG_INFORMATION_FORMAT = "dwarf-with-dsym";
				ENABLE_NS_ASSERTIONS = NO;
				ENABLE_STRICT_OBJC_MSGSEND = YES;
				GCC_C_LANGUAGE_STANDARD = gnu11;
				GCC_NO_COMMON_BLOCKS = YES;
				GCC_WARN_64_TO_32_BIT_CONVERSION = YES;
				GCC_WARN_ABOUT_RETURN_TYPE = YES_ERROR;
				GCC_WARN_UNDECLARED_SELECTOR = YES;
				GCC_WARN_UNINITIALIZED_AUTOS = YES_AGGRESSIVE;
				GCC_WARN_UNUSED_FUNCTION = YES;
				GCC_WARN_UNUSED_VARIABLE = YES;
				IPHONEOS_DEPLOYMENT_TARGET = 15.5;
				MTL_ENABLE_DEBUG_INFO = NO;
				MTL_FAST_MATH = YES;
				SDKROOT = iphoneos;
				SWIFT_COMPILATION_MODE = wholemodule;
				SWIFT_OPTIMIZATION_LEVEL = "-O";
				VALIDATE_PRODUCT = YES;
			};
			name = Release;
		};
		D35112A82875F2C00009C0C6 /* Debug */ = {
			isa = XCBuildConfiguration;
			buildSettings = {
				ASSETCATALOG_COMPILER_APPICON_NAME = AppIcon;
				ASSETCATALOG_COMPILER_GLOBAL_ACCENT_COLOR_NAME = AccentColor;
				CODE_SIGN_STYLE = Automatic;
				CURRENT_PROJECT_VERSION = 1;
				DEVELOPMENT_ASSET_PATHS = "\"DreamJournal/Misc/Preview Content\"";
				DEVELOPMENT_TEAM = TJJN6CB2K4;
				ENABLE_PREVIEWS = YES;
				GENERATE_INFOPLIST_FILE = YES;
				INFOPLIST_KEY_UIApplicationSceneManifest_Generation = YES;
				INFOPLIST_KEY_UIApplicationSupportsIndirectInputEvents = YES;
				INFOPLIST_KEY_UILaunchScreen_Generation = YES;
				INFOPLIST_KEY_UISupportedInterfaceOrientations_iPad = "UIInterfaceOrientationPortrait UIInterfaceOrientationPortraitUpsideDown UIInterfaceOrientationLandscapeLeft UIInterfaceOrientationLandscapeRight";
				INFOPLIST_KEY_UISupportedInterfaceOrientations_iPhone = "UIInterfaceOrientationPortrait UIInterfaceOrientationLandscapeLeft UIInterfaceOrientationLandscapeRight";
				LD_RUNPATH_SEARCH_PATHS = (
					"$(inherited)",
					"@executable_path/Frameworks",
				);
				MARKETING_VERSION = 1.0;
				PRODUCT_BUNDLE_IDENTIFIER = GongawareLaura.DreamJournal;
				PRODUCT_NAME = "$(TARGET_NAME)";
				SWIFT_EMIT_LOC_STRINGS = YES;
				SWIFT_VERSION = 5.0;
				TARGETED_DEVICE_FAMILY = "1,2";
			};
			name = Debug;
		};
		D35112A92875F2C00009C0C6 /* Release */ = {
			isa = XCBuildConfiguration;
			buildSettings = {
				ASSETCATALOG_COMPILER_APPICON_NAME = AppIcon;
				ASSETCATALOG_COMPILER_GLOBAL_ACCENT_COLOR_NAME = AccentColor;
				CODE_SIGN_STYLE = Automatic;
				CURRENT_PROJECT_VERSION = 1;
				DEVELOPMENT_ASSET_PATHS = "\"DreamJournal/Misc/Preview Content\"";
				DEVELOPMENT_TEAM = TJJN6CB2K4;
				ENABLE_PREVIEWS = YES;
				GENERATE_INFOPLIST_FILE = YES;
				INFOPLIST_KEY_UIApplicationSceneManifest_Generation = YES;
				INFOPLIST_KEY_UIApplicationSupportsIndirectInputEvents = YES;
				INFOPLIST_KEY_UILaunchScreen_Generation = YES;
				INFOPLIST_KEY_UISupportedInterfaceOrientations_iPad = "UIInterfaceOrientationPortrait UIInterfaceOrientationPortraitUpsideDown UIInterfaceOrientationLandscapeLeft UIInterfaceOrientationLandscapeRight";
				INFOPLIST_KEY_UISupportedInterfaceOrientations_iPhone = "UIInterfaceOrientationPortrait UIInterfaceOrientationLandscapeLeft UIInterfaceOrientationLandscapeRight";
				LD_RUNPATH_SEARCH_PATHS = (
					"$(inherited)",
					"@executable_path/Frameworks",
				);
				MARKETING_VERSION = 1.0;
				PRODUCT_BUNDLE_IDENTIFIER = GongawareLaura.DreamJournal;
				PRODUCT_NAME = "$(TARGET_NAME)";
				SWIFT_EMIT_LOC_STRINGS = YES;
				SWIFT_VERSION = 5.0;
				TARGETED_DEVICE_FAMILY = "1,2";
			};
			name = Release;
		};
/* End XCBuildConfiguration section */

/* Begin XCConfigurationList section */
		D35112942875F2BF0009C0C6 /* Build configuration list for PBXProject "DreamJournal" */ = {
			isa = XCConfigurationList;
			buildConfigurations = (
				D35112A52875F2C00009C0C6 /* Debug */,
				D35112A62875F2C00009C0C6 /* Release */,
			);
			defaultConfigurationIsVisible = 0;
			defaultConfigurationName = Release;
		};
		D35112A72875F2C00009C0C6 /* Build configuration list for PBXNativeTarget "DreamJournal" */ = {
			isa = XCConfigurationList;
			buildConfigurations = (
				D35112A82875F2C00009C0C6 /* Debug */,
				D35112A92875F2C00009C0C6 /* Release */,
			);
			defaultConfigurationIsVisible = 0;
			defaultConfigurationName = Release;
		};
/* End XCConfigurationList section */
	};
	rootObject = D35112912875F2BF0009C0C6 /* Project object */;
}
